
Microsoft Visual Studio Solution File, Format Version 12.00
# Visual Studio 2012
Project("{8BC9CEB8-8B4A-11D0-8D11-00A0C91BC942}") = "test_tinyformat", "test_tinyformat.vcxproj", "{EC09B9A6-BACA-4999-A4DD-D67A1EAB7276}"
EndProject
Global
	GlobalSection(SolutionConfigurationPlatforms) = preSolution
		Debug|Win32 = Debug|Win32
		Release|Win32 = Release|Win32
	EndGlobalSection
	GlobalSection(ProjectConfigurationPlatforms) = postSolution
		{EC09B9A6-BACA-4999-A4DD-D67A1EAB7276}.Debug|Win32.ActiveCfg = Debug|Win32
		{EC09B9A6-BACA-4999-A4DD-D67A1EAB7276}.Debug|Win32.Build.0 = Debug|Win32
		{EC09B9A6-BACA-4999-A4DD-D67A1EAB7276}.Release|Win32.ActiveCfg = Release|Win32
		{EC09B9A6-BACA-4999-A4DD-D67A1EAB7276}.Release|Win32.Build.0 = Release|Win32
	EndGlobalSection
	GlobalSection(SolutionProperties) = preSolution
		HideSolutionNode = FALSE
	EndGlobalSection
EndGlobal
